
Microsoft Visual Studio Solution File, Format Version 12.00
# Visual Studio 15
VisualStudioVersion = 15.0.27130.2036
MinimumVisualStudioVersion = 10.0.40219.1
Project("{8BC9CEB8-8B4A-11D0-8D11-00A0C91BC942}") = "CompilerProject", "CompilerProject\CompilerProject.vcxproj", "{040924B0-E47B-4E47-B164-55B6CA09825A}"
EndProject
Global
	GlobalSection(SolutionConfigurationPlatforms) = preSolution
		Debug|x64 = Debug|x64
		Debug|x86 = Debug|x86
		Release|x64 = Release|x64
		Release|x86 = Release|x86
	EndGlobalSection
	GlobalSection(ProjectConfigurationPlatforms) = postSolution
		{040924B0-E47B-4E47-B164-55B6CA09825A}.Debug|x64.ActiveCfg = Debug|x64
		{040924B0-E47B-4E47-B164-55B6CA09825A}.Debug|x64.Build.0 = Debug|x64
		{040924B0-E47B-4E47-B164-55B6CA09825A}.Debug|x86.ActiveCfg = Debug|Win32
		{040924B0-E47B-4E47-B164-55B6CA09825A}.Debug|x86.Build.0 = Debug|Win32
		{040924B0-E47B-4E47-B164-55B6CA09825A}.Release|x64.ActiveCfg = Release|x64
		{040924B0-E47B-4E47-B164-55B6CA09825A}.Release|x64.Build.0 = Release|x64
		{040924B0-E47B-4E47-B164-55B6CA09825A}.Release|x86.ActiveCfg = Release|Win32
		{040924B0-E47B-4E47-B164-55B6CA09825A}.Release|x86.Build.0 = Release|Win32
	EndGlobalSection
	GlobalSection(SolutionProperties) = preSolution
		HideSolutionNode = FALSE
	EndGlobalSection
	GlobalSection(ExtensibilityGlobals) = postSolution
		SolutionGuid = {3252B9C3-2A87-40C8-BBA8-6CA29444CE46}
	EndGlobalSection
EndGlobal
